{
  "originHash" : "0624d5e06bcc7d4784054c91afbdfbee6bb448a297626b2d4d8d3eedf9edb92e",
  "pins" : [
    {
      "identity" : "raylibswift",
      "kind" : "remoteSourceControl",
      "location" : "https://github.com/theundergroundsorcerer/RaylibSwift.git",
      "state" : {
        "branch" : "main",
        "revision" : "71916cf86cb043f1e01f185ef0b2739d032a7cf6"
      }
    }
  ],
  "version" : 3
}
