{
  "originHash" : "1d3ec316a9f2b37ef2a8cedacb5deddb363639588633c428047b4f7b7a56fdc5",
  "pins" : [
    {
      "identity" : "raylibswift",
      "kind" : "remoteSourceControl",
      "location" : "https://github.com/theundergroundsorcerer/RaylibSwift.git",
      "state" : {
        "branch" : "develop",
        "revision" : "d4869717f724501fc2aeedd61550d7c52ebfa2c8"
      }
    }
  ],
  "version" : 3
}
